{
  "name": "NeelTejaniVueLab",
  "lockfileVersion": 2,
  "requires": true,
  "packages": {
    "": {
      "dependencies": {
        "vue-router": "^4.1.6"
      }
    },
    "node_modules/@babel/parser": {
      "version": "7.20.3",
      "resolved": "https://registry.npmjs.org/@babel/parser/-/parser-7.20.3.tgz",
      "integrity": "sha512-OP/s5a94frIPXwjzEcv5S/tpQfc6XhxYUnmWpgdqMWGgYCuErA3SzozaRAMQgSZWKeTJxht9aWAkUY+0UzvOFg==",
      "peer": true,
      "bin": {
        "parser": "bin/babel-parser.js"
      },
      "engines": {
        "node": ">=6.0.0"
      }
    },
    "node_modules/@vue/compiler-core": {
      "version": "3.2.43",
      "resolved": "https://registry.npmjs.org/@vue/compiler-core/-/compiler-core-3.2.43.tgz",
      "integrity": "sha512-YLr9MXkKHFWVVahNWSwISzrcjNPbERDT9Zn0ZyIsHsDslGMV4Jv28X+pDhaVFYt8+Tgy4iNbQMe/5O0oNlhaeQ==",
      "peer": true,
      "dependencies": {
        "@babel/parser": "^7.16.4",
        "@vue/shared": "3.2.43",
        "estree-walker": "^2.0.2",
        "source-map": "^0.6.1"
      }
    },
    "node_modules/@vue/compiler-dom": {
      "version": "3.2.43",
      "resolved": "https://registry.npmjs.org/@vue/compiler-dom/-/compiler-dom-3.2.43.tgz",
      "integrity": "sha512-LIhLMArN4hkRyECQSUB56z/wsF2JdGMDsG06e3ZAJAaNcGaMQLLzhF667hklouTZeHbWVCe8c7qkDPVs21Zu9Q==",
      "peer": true,
      "dependencies": {
        "@vue/compiler-core": "3.2.43",
        "@vue/shared": "3.2.43"
      }
    },
    "node_modules/@vue/compiler-sfc": {
      "version": "3.2.43",
      "resolved": "https://registry.npmjs.org/@vue/compiler-sfc/-/compiler-sfc-3.2.43.tgz",
      "integrity": "sha512-YBv94ASxDxTuiE0PvvERs1+Zq9KWAMrZEHpvhVzEJsANJnqqveJ18d0tSvTU6jPlF2BWFQDO3JfiGm7biQd36g==",
      "peer": true,
      "dependencies": {
        "@babel/parser": "^7.16.4",
        "@vue/compiler-core": "3.2.43",
        "@vue/compiler-dom": "3.2.43",
        "@vue/compiler-ssr": "3.2.43",
        "@vue/reactivity-transform": "3.2.43",
        "@vue/shared": "3.2.43",
        "estree-walker": "^2.0.2",
        "magic-string": "^0.25.7",
        "postcss": "^8.1.10",
        "source-map": "^0.6.1"
      }
    },
    "node_modules/@vue/compiler-ssr": {
      "version": "3.2.43",
      "resolved": "https://registry.npmjs.org/@vue/compiler-ssr/-/compiler-ssr-3.2.43.tgz",
      "integrity": "sha512-IoYbnhaH0WbJ16pxArPTlqbnJ3Bqj5+seTg4AeBvS8HAb0b2EQQw8PpgcyrvzdIOIFq9FLfpWTbixdhVMYofyg==",
      "peer": true,
      "dependencies": {
        "@vue/compiler-dom": "3.2.43",
        "@vue/shared": "3.2.43"
      }
    },
    "node_modules/@vue/devtools-api": {
      "version": "6.4.5",
      "resolved": "https://registry.npmjs.org/@vue/devtools-api/-/devtools-api-6.4.5.tgz",
      "integrity": "sha512-JD5fcdIuFxU4fQyXUu3w2KpAJHzTVdN+p4iOX2lMWSHMOoQdMAcpFLZzm9Z/2nmsoZ1a96QEhZ26e50xLBsgOQ=="
    },
    "node_modules/@vue/reactivity": {
      "version": "3.2.43",
      "resolved": "https://registry.npmjs.org/@vue/reactivity/-/reactivity-3.2.43.tgz",
      "integrity": "sha512-LzOxeaTZPTpj9qHCArOJXNa73ky8M7g28prqsd7Kxjxvs7i0EmpHEFASoK7QpYyfmIOh/UjJA+0jaD/iMIiRFg==",
      "peer": true,
      "dependencies": {
        "@vue/shared": "3.2.43"
      }
    },
    "node_modules/@vue/reactivity-transform": {
      "version": "3.2.43",
      "resolved": "https://registry.npmjs.org/@vue/reactivity-transform/-/reactivity-transform-3.2.43.tgz",
      "integrity": "sha512-TGRvlD3Y8DTHGKg1VJYOMwC6CbrjNYh3wwUCKtwHSEv0uYdXjyn8r5KtklehP58G+opv6K2DhyBNPNhvSt9ttw==",
      "peer": true,
      "dependencies": {
        "@babel/parser": "^7.16.4",
        "@vue/compiler-core": "3.2.43",
        "@vue/shared": "3.2.43",
        "estree-walker": "^2.0.2",
        "magic-string": "^0.25.7"
      }
    },
    "node_modules/@vue/runtime-core": {
      "version": "3.2.43",
      "resolved": "https://registry.npmjs.org/@vue/runtime-core/-/runtime-core-3.2.43.tgz",
      "integrity": "sha512-rLm4b0+mVENn7D42pXL3tNqb7vtQ3Hjy2WThMd9WGlPSJr/BxxbomzUf6V5MBf40Qx698FSJeORZ00hH+jvixw==",
      "peer": true,
      "dependencies": {
        "@vue/reactivity": "3.2.43",
        "@vue/shared": "3.2.43"
      }
    },
    "node_modules/@vue/runtime-dom": {
      "version": "3.2.43",
      "resolved": "https://registry.npmjs.org/@vue/runtime-dom/-/runtime-dom-3.2.43.tgz",
      "integrity": "sha512-hDxrqUzBrXbIItQ9n5pePVf4itRbNpYh3xt5K+fRYvBu4GXOULoS+DmO77DctvBLwdgBaLMc1aOmKIL1TzRA7g==",
      "peer": true,
      "dependencies": {
        "@vue/runtime-core": "3.2.43",
        "@vue/shared": "3.2.43",
        "csstype": "^2.6.8"
      }
    },
    "node_modules/@vue/server-renderer": {
      "version": "3.2.43",
      "resolved": "https://registry.npmjs.org/@vue/server-renderer/-/server-renderer-3.2.43.tgz",
      "integrity": "sha512-T6mXBRCOOu6zJiQxySp5sRzW1P9NhXQXssRJA/KI8N40etGO+rwZgahc8uQvruVQvK56BSru+1kGQeuQ9qliPg==",
      "peer": true,
      "dependencies": {
        "@vue/compiler-ssr": "3.2.43",
        "@vue/shared": "3.2.43"
      },
      "peerDependencies": {
        "vue": "3.2.43"
      }
    },
    "node_modules/@vue/shared": {
      "version": "3.2.43",
      "resolved": "https://registry.npmjs.org/@vue/shared/-/shared-3.2.43.tgz",
      "integrity": "sha512-zPhXJ0evblbcI3qOwUxliOoH90ecp2J1171RFrHXNC58EzzxXGPJ/X0FyIvuC9SvZNe8wpX4OcWhblPDSwT8Rw==",
      "peer": true
    },
    "node_modules/csstype": {
      "version": "2.6.21",
      "resolved": "https://registry.npmjs.org/csstype/-/csstype-2.6.21.tgz",
      "integrity": "sha512-Z1PhmomIfypOpoMjRQB70jfvy/wxT50qW08YXO5lMIJkrdq4yOTR+AW7FqutScmB9NkLwxo+jU+kZLbofZZq/w==",
      "peer": true
    },
    "node_modules/estree-walker": {
      "version": "2.0.2",
      "resolved": "https://registry.npmjs.org/estree-walker/-/estree-walker-2.0.2.tgz",
      "integrity": "sha512-Rfkk/Mp/DL7JVje3u18FxFujQlTNR2q6QfMSMB7AvCBx91NGj/ba3kCfza0f6dVDbw7YlRf/nDrn7pQrCCyQ/w==",
      "peer": true
    },
    "node_modules/magic-string": {
      "version": "0.25.9",
      "resolved": "https://registry.npmjs.org/magic-string/-/magic-string-0.25.9.tgz",
      "integrity": "sha512-RmF0AsMzgt25qzqqLc1+MbHmhdx0ojF2Fvs4XnOqz2ZOBXzzkEwc/dJQZCYHAn7v1jbVOjAZfK8msRn4BxO4VQ==",
      "peer": true,
      "dependencies": {
        "sourcemap-codec": "^1.4.8"
      }
    },
    "node_modules/nanoid": {
      "version": "3.3.4",
      "resolved": "https://registry.npmjs.org/nanoid/-/nanoid-3.3.4.tgz",
      "integrity": "sha512-MqBkQh/OHTS2egovRtLk45wEyNXwF+cokD+1YPf9u5VfJiRdAiRwB2froX5Co9Rh20xs4siNPm8naNotSD6RBw==",
      "peer": true,
      "bin": {
        "nanoid": "bin/nanoid.cjs"
      },
      "engines": {
        "node": "^10 || ^12 || ^13.7 || ^14 || >=15.0.1"
      }
    },
    "node_modules/picocolors": {
      "version": "1.0.0",
      "resolved": "https://registry.npmjs.org/picocolors/-/picocolors-1.0.0.tgz",
      "integrity": "sha512-1fygroTLlHu66zi26VoTDv8yRgm0Fccecssto+MhsZ0D/DGW2sm8E8AjW7NU5VVTRt5GxbeZ5qBuJr+HyLYkjQ==",
      "peer": true
    },
    "node_modules/postcss": {
      "version": "8.4.18",
      "resolved": "https://registry.npmjs.org/postcss/-/postcss-8.4.18.tgz",
      "integrity": "sha512-Wi8mWhncLJm11GATDaQKobXSNEYGUHeQLiQqDFG1qQ5UTDPTEvKw0Xt5NsTpktGTwLps3ByrWsBrG0rB8YQ9oA==",
      "funding": [
        {
          "type": "opencollective",
          "url": "https://opencollective.com/postcss/"
        },
        {
          "type": "tidelift",
          "url": "https://tidelift.com/funding/github/npm/postcss"
        }
      ],
      "peer": true,
      "dependencies": {
        "nanoid": "^3.3.4",
        "picocolors": "^1.0.0",
        "source-map-js": "^1.0.2"
      },
      "engines": {
        "node": "^10 || ^12 || >=14"
      }
    },
    "node_modules/source-map": {
      "version": "0.6.1",
      "resolved": "https://registry.npmjs.org/source-map/-/source-map-0.6.1.tgz",
      "integrity": "sha512-UjgapumWlbMhkBgzT7Ykc5YXUT46F0iKu8SGXq0bcwP5dz/h0Plj6enJqjz1Zbq2l5WaqYnrVbwWOWMyF3F47g==",
      "peer": true,
      "engines": {
        "node": ">=0.10.0"
      }
    },
    "node_modules/source-map-js": {
      "version": "1.0.2",
      "resolved": "https://registry.npmjs.org/source-map-js/-/source-map-js-1.0.2.tgz",
      "integrity": "sha512-R0XvVJ9WusLiqTCEiGCmICCMplcCkIwwR11mOSD9CR5u+IXYdiseeEuXCVAjS54zqwkLcPNnmU4OeJ6tUrWhDw==",
      "peer": true,
      "engines": {
        "node": ">=0.10.0"
      }
    },
    "node_modules/sourcemap-codec": {
      "version": "1.4.8",
      "resolved": "https://registry.npmjs.org/sourcemap-codec/-/sourcemap-codec-1.4.8.tgz",
      "integrity": "sha512-9NykojV5Uih4lgo5So5dtw+f0JgJX30KCNI8gwhz2J9A15wD0Ml6tjHKwf6fTSa6fAdVBdZeNOs9eJ71qCk8vA==",
      "peer": true
    },
    "node_modules/vue": {
      "version": "3.2.43",
      "resolved": "https://registry.npmjs.org/vue/-/vue-3.2.43.tgz",
      "integrity": "sha512-rGUDDftb7VF2vLp0LnzcZ6R2tG/4BvMd/qOisZAGSxzsW+FysWtmGIN5c4gduaMWRo+IBrjTRiZD4bLh2FF4lw==",
      "peer": true,
      "dependencies": {
        "@vue/compiler-dom": "3.2.43",
        "@vue/compiler-sfc": "3.2.43",
        "@vue/runtime-dom": "3.2.43",
        "@vue/server-renderer": "3.2.43",
        "@vue/shared": "3.2.43"
      }
    },
    "node_modules/vue-router": {
      "version": "4.1.6",
      "resolved": "https://registry.npmjs.org/vue-router/-/vue-router-4.1.6.tgz",
      "integrity": "sha512-DYWYwsG6xNPmLq/FmZn8Ip+qrhFEzA14EI12MsMgVxvHFDYvlr4NXpVF5hrRH1wVcDP8fGi5F4rxuJSl8/r+EQ==",
      "dependencies": {
        "@vue/devtools-api": "^6.4.5"
      },
      "funding": {
        "url": "https://github.com/sponsors/posva"
      },
      "peerDependencies": {
        "vue": "^3.2.0"
      }
    }
  },
  "dependencies": {
    "@babel/parser": {
      "version": "7.20.3",
      "resolved": "https://registry.npmjs.org/@babel/parser/-/parser-7.20.3.tgz",
      "integrity": "sha512-OP/s5a94frIPXwjzEcv5S/tpQfc6XhxYUnmWpgdqMWGgYCuErA3SzozaRAMQgSZWKeTJxht9aWAkUY+0UzvOFg==",
      "peer": true
    },
    "@vue/compiler-core": {
      "version": "3.2.43",
      "resolved": "https://registry.npmjs.org/@vue/compiler-core/-/compiler-core-3.2.43.tgz",
      "integrity": "sha512-YLr9MXkKHFWVVahNWSwISzrcjNPbERDT9Zn0ZyIsHsDslGMV4Jv28X+pDhaVFYt8+Tgy4iNbQMe/5O0oNlhaeQ==",
      "peer": true,
      "requires": {
        "@babel/parser": "^7.16.4",
        "@vue/shared": "3.2.43",
        "estree-walker": "^2.0.2",
        "source-map": "^0.6.1"
      }
    },
    "@vue/compiler-dom": {
      "version": "3.2.43",
      "resolved": "https://registry.npmjs.org/@vue/compiler-dom/-/compiler-dom-3.2.43.tgz",
      "integrity": "sha512-LIhLMArN4hkRyECQSUB56z/wsF2JdGMDsG06e3ZAJAaNcGaMQLLzhF667hklouTZeHbWVCe8c7qkDPVs21Zu9Q==",
      "peer": true,
      "requires": {
        "@vue/compiler-core": "3.2.43",
        "@vue/shared": "3.2.43"
      }
    },
    "@vue/compiler-sfc": {
      "version": "3.2.43",
      "resolved": "https://registry.npmjs.org/@vue/compiler-sfc/-/compiler-sfc-3.2.43.tgz",
      "integrity": "sha512-YBv94ASxDxTuiE0PvvERs1+Zq9KWAMrZEHpvhVzEJsANJnqqveJ18d0tSvTU6jPlF2BWFQDO3JfiGm7biQd36g==",
      "peer": true,
      "requires": {
        "@babel/parser": "^7.16.4",
        "@vue/compiler-core": "3.2.43",
        "@vue/compiler-dom": "3.2.43",
        "@vue/compiler-ssr": "3.2.43",
        "@vue/reactivity-transform": "3.2.43",
        "@vue/shared": "3.2.43",
        "estree-walker": "^2.0.2",
        "magic-string": "^0.25.7",
        "postcss": "^8.1.10",
        "source-map": "^0.6.1"
      }
    },
    "@vue/compiler-ssr": {
      "version": "3.2.43",
      "resolved": "https://registry.npmjs.org/@vue/compiler-ssr/-/compiler-ssr-3.2.43.tgz",
      "integrity": "sha512-IoYbnhaH0WbJ16pxArPTlqbnJ3Bqj5+seTg4AeBvS8HAb0b2EQQw8PpgcyrvzdIOIFq9FLfpWTbixdhVMYofyg==",
      "peer": true,
      "requires": {
        "@vue/compiler-dom": "3.2.43",
        "@vue/shared": "3.2.43"
      }
    },
    "@vue/devtools-api": {
      "version": "6.4.5",
      "resolved": "https://registry.npmjs.org/@vue/devtools-api/-/devtools-api-6.4.5.tgz",
      "integrity": "sha512-JD5fcdIuFxU4fQyXUu3w2KpAJHzTVdN+p4iOX2lMWSHMOoQdMAcpFLZzm9Z/2nmsoZ1a96QEhZ26e50xLBsgOQ=="
    },
    "@vue/reactivity": {
      "version": "3.2.43",
      "resolved": "https://registry.npmjs.org/@vue/reactivity/-/reactivity-3.2.43.tgz",
      "integrity": "sha512-LzOxeaTZPTpj9qHCArOJXNa73ky8M7g28prqsd7Kxjxvs7i0EmpHEFASoK7QpYyfmIOh/UjJA+0jaD/iMIiRFg==",
      "peer": true,
      "requires": {
        "@vue/shared": "3.2.43"
      }
    },
    "@vue/reactivity-transform": {
      "version": "3.2.43",
      "resolved": "https://registry.npmjs.org/@vue/reactivity-transform/-/reactivity-transform-3.2.43.tgz",
      "integrity": "sha512-TGRvlD3Y8DTHGKg1VJYOMwC6CbrjNYh3wwUCKtwHSEv0uYdXjyn8r5KtklehP58G+opv6K2DhyBNPNhvSt9ttw==",
      "peer": true,
      "requires": {
        "@babel/parser": "^7.16.4",
        "@vue/compiler-core": "3.2.43",
        "@vue/shared": "3.2.43",
        "estree-walker": "^2.0.2",
        "magic-string": "^0.25.7"
      }
    },
    "@vue/runtime-core": {
      "version": "3.2.43",
      "resolved": "https://registry.npmjs.org/@vue/runtime-core/-/runtime-core-3.2.43.tgz",
      "integrity": "sha512-rLm4b0+mVENn7D42pXL3tNqb7vtQ3Hjy2WThMd9WGlPSJr/BxxbomzUf6V5MBf40Qx698FSJeORZ00hH+jvixw==",
      "peer": true,
      "requires": {
        "@vue/reactivity": "3.2.43",
        "@vue/shared": "3.2.43"
      }
    },
    "@vue/runtime-dom": {
      "version": "3.2.43",
      "resolved": "https://registry.npmjs.org/@vue/runtime-dom/-/runtime-dom-3.2.43.tgz",
      "integrity": "sha512-hDxrqUzBrXbIItQ9n5pePVf4itRbNpYh3xt5K+fRYvBu4GXOULoS+DmO77DctvBLwdgBaLMc1aOmKIL1TzRA7g==",
      "peer": true,
      "requires": {
        "@vue/runtime-core": "3.2.43",
        "@vue/shared": "3.2.43",
        "csstype": "^2.6.8"
      }
    },
    "@vue/server-renderer": {
      "version": "3.2.43",
      "resolved": "https://registry.npmjs.org/@vue/server-renderer/-/server-renderer-3.2.43.tgz",
      "integrity": "sha512-T6mXBRCOOu6zJiQxySp5sRzW1P9NhXQXssRJA/KI8N40etGO+rwZgahc8uQvruVQvK56BSru+1kGQeuQ9qliPg==",
      "peer": true,
      "requires": {
        "@vue/compiler-ssr": "3.2.43",
        "@vue/shared": "3.2.43"
      }
    },
    "@vue/shared": {
      "version": "3.2.43",
      "resolved": "https://registry.npmjs.org/@vue/shared/-/shared-3.2.43.tgz",
      "integrity": "sha512-zPhXJ0evblbcI3qOwUxliOoH90ecp2J1171RFrHXNC58EzzxXGPJ/X0FyIvuC9SvZNe8wpX4OcWhblPDSwT8Rw==",
      "peer": true
    },
    "csstype": {
      "version": "2.6.21",
      "resolved": "https://registry.npmjs.org/csstype/-/csstype-2.6.21.tgz",
      "integrity": "sha512-Z1PhmomIfypOpoMjRQB70jfvy/wxT50qW08YXO5lMIJkrdq4yOTR+AW7FqutScmB9NkLwxo+jU+kZLbofZZq/w==",
      "peer": true
    },
    "estree-walker": {
      "version": "2.0.2",
      "resolved": "https://registry.npmjs.org/estree-walker/-/estree-walker-2.0.2.tgz",
      "integrity": "sha512-Rfkk/Mp/DL7JVje3u18FxFujQlTNR2q6QfMSMB7AvCBx91NGj/ba3kCfza0f6dVDbw7YlRf/nDrn7pQrCCyQ/w==",
      "peer": true
    },
    "magic-string": {
      "version": "0.25.9",
      "resolved": "https://registry.npmjs.org/magic-string/-/magic-string-0.25.9.tgz",
      "integrity": "sha512-RmF0AsMzgt25qzqqLc1+MbHmhdx0ojF2Fvs4XnOqz2ZOBXzzkEwc/dJQZCYHAn7v1jbVOjAZfK8msRn4BxO4VQ==",
      "peer": true,
      "requires": {
        "sourcemap-codec": "^1.4.8"
      }
    },
    "nanoid": {
      "version": "3.3.4",
      "resolved": "https://registry.npmjs.org/nanoid/-/nanoid-3.3.4.tgz",
      "integrity": "sha512-MqBkQh/OHTS2egovRtLk45wEyNXwF+cokD+1YPf9u5VfJiRdAiRwB2froX5Co9Rh20xs4siNPm8naNotSD6RBw==",
      "peer": true
    },
    "picocolors": {
      "version": "1.0.0",
      "resolved": "https://registry.npmjs.org/picocolors/-/picocolors-1.0.0.tgz",
      "integrity": "sha512-1fygroTLlHu66zi26VoTDv8yRgm0Fccecssto+MhsZ0D/DGW2sm8E8AjW7NU5VVTRt5GxbeZ5qBuJr+HyLYkjQ==",
      "peer": true
    },
    "postcss": {
      "version": "8.4.18",
      "resolved": "https://registry.npmjs.org/postcss/-/postcss-8.4.18.tgz",
      "integrity": "sha512-Wi8mWhncLJm11GATDaQKobXSNEYGUHeQLiQqDFG1qQ5UTDPTEvKw0Xt5NsTpktGTwLps3ByrWsBrG0rB8YQ9oA==",
      "peer": true,
      "requires": {
        "nanoid": "^3.3.4",
        "picocolors": "^1.0.0",
        "source-map-js": "^1.0.2"
      }
    },
    "source-map": {
      "version": "0.6.1",
      "resolved": "https://registry.npmjs.org/source-map/-/source-map-0.6.1.tgz",
      "integrity": "sha512-UjgapumWlbMhkBgzT7Ykc5YXUT46F0iKu8SGXq0bcwP5dz/h0Plj6enJqjz1Zbq2l5WaqYnrVbwWOWMyF3F47g==",
      "peer": true
    },
    "source-map-js": {
      "version": "1.0.2",
      "resolved": "https://registry.npmjs.org/source-map-js/-/source-map-js-1.0.2.tgz",
      "integrity": "sha512-R0XvVJ9WusLiqTCEiGCmICCMplcCkIwwR11mOSD9CR5u+IXYdiseeEuXCVAjS54zqwkLcPNnmU4OeJ6tUrWhDw==",
      "peer": true
    },
    "sourcemap-codec": {
      "version": "1.4.8",
      "resolved": "https://registry.npmjs.org/sourcemap-codec/-/sourcemap-codec-1.4.8.tgz",
      "integrity": "sha512-9NykojV5Uih4lgo5So5dtw+f0JgJX30KCNI8gwhz2J9A15wD0Ml6tjHKwf6fTSa6fAdVBdZeNOs9eJ71qCk8vA==",
      "peer": true
    },
    "vue": {
      "version": "3.2.43",
      "resolved": "https://registry.npmjs.org/vue/-/vue-3.2.43.tgz",
      "integrity": "sha512-rGUDDftb7VF2vLp0LnzcZ6R2tG/4BvMd/qOisZAGSxzsW+FysWtmGIN5c4gduaMWRo+IBrjTRiZD4bLh2FF4lw==",
      "peer": true,
      "requires": {
        "@vue/compiler-dom": "3.2.43",
        "@vue/compiler-sfc": "3.2.43",
        "@vue/runtime-dom": "3.2.43",
        "@vue/server-renderer": "3.2.43",
        "@vue/shared": "3.2.43"
      }
    },
    "vue-router": {
      "version": "4.1.6",
      "resolved": "https://registry.npmjs.org/vue-router/-/vue-router-4.1.6.tgz",
      "integrity": "sha512-DYWYwsG6xNPmLq/FmZn8Ip+qrhFEzA14EI12MsMgVxvHFDYvlr4NXpVF5hrRH1wVcDP8fGi5F4rxuJSl8/r+EQ==",
      "requires": {
        "@vue/devtools-api": "^6.4.5"
      }
    }
  }
}
